// !$*UTF8*$!
{
	archiveVersion = 1;
	classes = {
	};
	objectVersion = 50;
	objects = {

/* Begin PBXBuildFile section */
		0909376924EFD9D70025F222 /* AppDelegate.swift in Sources */ = {isa = PBXBuildFile; fileRef = 0909376824EFD9D70025F222 /* AppDelegate.swift */; };
		0909376B24EFD9D70025F222 /* SceneDelegate.swift in Sources */ = {isa = PBXBuildFile; fileRef = 0909376A24EFD9D70025F222 /* SceneDelegate.swift */; };
		0909376D24EFD9D70025F222 /* ViewController.swift in Sources */ = {isa = PBXBuildFile; fileRef = 0909376C24EFD9D70025F222 /* ViewController.swift */; };
		0909377024EFD9D70025F222 /* Main.storyboard in Resources */ = {isa = PBXBuildFile; fileRef = 0909376E24EFD9D70025F222 /* Main.storyboard */; };
		0909377224EFD9D80025F222 /* Assets.xcassets in Resources */ = {isa = PBXBuildFile; fileRef = 0909377124EFD9D80025F222 /* Assets.xcassets */; };
		0909377524EFD9D80025F222 /* LaunchScreen.storyboard in Resources */ = {isa = PBXBuildFile; fileRef = 0909377324EFD9D80025F222 /* LaunchScreen.storyboard */; };
		0909378024EFD9D80025F222 /* ContactsTests.swift in Sources */ = {isa = PBXBuildFile; fileRef = 0909377F24EFD9D80025F222 /* ContactsTests.swift */; };
		0909378B24EFD9D80025F222 /* ContactsUITests.swift in Sources */ = {isa = PBXBuildFile; fileRef = 0909378A24EFD9D80025F222 /* ContactsUITests.swift */; };
/* End PBXBuildFile section */

/* Begin PBXContainerItemProxy section */
		0909377C24EFD9D80025F222 /* PBXContainerItemProxy */ = {
			isa = PBXContainerItemProxy;
			containerPortal = 0909375D24EFD9D70025F222 /* Project object */;
			proxyType = 1;
			remoteGlobalIDString = 0909376424EFD9D70025F222;
			remoteInfo = Contacts;
		};
		0909378724EFD9D80025F222 /* PBXContainerItemProxy */ = {
			isa = PBXContainerItemProxy;
			containerPortal = 0909375D24EFD9D70025F222 /* Project object */;
			proxyType = 1;
			remoteGlobalIDString = 0909376424EFD9D70025F222;
			remoteInfo = Contacts;
		};
/* End PBXContainerItemProxy section */

/* Begin PBXFileReference section */
		0909376524EFD9D70025F222 /* Contacts.app */ = {isa = PBXFileReference; explicitFileType = wrapper.application; includeInIndex = 0; path = Contacts.app; sourceTree = BUILT_PRODUCTS_DIR; };
		0909376824EFD9D70025F222 /* AppDelegate.swift */ = {isa = PBXFileReference; lastKnownFileType = sourcecode.swift; path = AppDelegate.swift; sourceTree = "<group>"; };
		0909376A24EFD9D70025F222 /* SceneDelegate.swift */ = {isa = PBXFileReference; lastKnownFileType = sourcecode.swift; path = SceneDelegate.swift; sourceTree = "<group>"; };
		0909376C24EFD9D70025F222 /* ViewController.swift */ = {isa = PBXFileReference; lastKnownFileType = sourcecode.swift; path = ViewController.swift; sourceTree = "<group>"; };
		0909376F24EFD9D70025F222 /* Base */ = {isa = PBXFileReference; lastKnownFileType = file.storyboard; name = Base; path = Base.lproj/Main.storyboard; sourceTree = "<group>"; };
		0909377124EFD9D80025F222 /* Assets.xcassets */ = {isa = PBXFileReference; lastKnownFileType = folder.assetcatalog; path = Assets.xcassets; sourceTree = "<group>"; };
		0909377424EFD9D80025F222 /* Base */ = {isa = PBXFileReference; lastKnownFileType = file.storyboard; name = Base; path = Base.lproj/LaunchScreen.storyboard; sourceTree = "<group>"; };
		0909377624EFD9D80025F222 /* Info.plist */ = {isa = PBXFileReference; lastKnownFileType = text.plist.xml; path = Info.plist; sourceTree = "<group>"; };
		0909377B24EFD9D80025F222 /* ContactsTests.xctest */ = {isa = PBXFileReference; explicitFileType = wrapper.cfbundle; includeInIndex = 0; path = ContactsTests.xctest; sourceTree = BUILT_PRODUCTS_DIR; };
		0909377F24EFD9D80025F222 /* ContactsTests.swift */ = {isa = PBXFileReference; lastKnownFileType = sourcecode.swift; path = ContactsTests.swift; sourceTree = "<group>"; };
		0909378124EFD9D80025F222 /* Info.plist */ = {isa = PBXFileReference; lastKnownFileType = text.plist.xml; path = Info.plist; sourceTree = "<group>"; };
		0909378624EFD9D80025F222 /* ContactsUITests.xctest */ = {isa = PBXFileReference; explicitFileType = wrapper.cfbundle; includeInIndex = 0; path = ContactsUITests.xctest; sourceTree = BUILT_PRODUCTS_DIR; };
		0909378A24EFD9D80025F222 /* ContactsUITests.swift */ = {isa = PBXFileReference; lastKnownFileType = sourcecode.swift; path = ContactsUITests.swift; sourceTree = "<group>"; };
		0909378C24EFD9D80025F222 /* Info.plist */ = {isa = PBXFileReference; lastKnownFileType = text.plist.xml; path = Info.plist; sourceTree = "<group>"; };
/* End PBXFileReference section */

/* Begin PBXFrameworksBuildPhase section */
		0909376224EFD9D70025F222 /* Frameworks */ = {
			isa = PBXFrameworksBuildPhase;
			buildActionMask = 2147483647;
			files = (
			);
			runOnlyForDeploymentPostprocessing = 0;
		};
		0909377824EFD9D80025F222 /* Frameworks */ = {
			isa = PBXFrameworksBuildPhase;
			buildActionMask = 2147483647;
			files = (
			);
			runOnlyForDeploymentPostprocessing = 0;
		};
		0909378324EFD9D80025F222 /* Frameworks */ = {
			isa = PBXFrameworksBuildPhase;
			buildActionMask = 2147483647;
			files = (
			);
			runOnlyForDeploymentPostprocessing = 0;
		};
/* End PBXFrameworksBuildPhase section */

/* Begin PBXGroup section */
		0909375C24EFD9D70025F222 = {
			isa = PBXGroup;
			children = (
				0909376724EFD9D70025F222 /* Contacts */,
				0909377E24EFD9D80025F222 /* ContactsTests */,
				0909378924EFD9D80025F222 /* ContactsUITests */,
				0909376624EFD9D70025F222 /* Products */,
			);
			sourceTree = "<group>";
		};
		0909376624EFD9D70025F222 /* Products */ = {
			isa = PBXGroup;
			children = (
				0909376524EFD9D70025F222 /* Contacts.app */,
				0909377B24EFD9D80025F222 /* ContactsTests.xctest */,
				0909378624EFD9D80025F222 /* ContactsUITests.xctest */,
			);
			name = Products;
			sourceTree = "<group>";
		};
		0909376724EFD9D70025F222 /* Contacts */ = {
			isa = PBXGroup;
			children = (
				0909376824EFD9D70025F222 /* AppDelegate.swift */,
				0909376A24EFD9D70025F222 /* SceneDelegate.swift */,
				0909376C24EFD9D70025F222 /* ViewController.swift */,
				0909376E24EFD9D70025F222 /* Main.storyboard */,
				0909377124EFD9D80025F222 /* Assets.xcassets */,
				0909377324EFD9D80025F222 /* LaunchScreen.storyboard */,
				0909377624EFD9D80025F222 /* Info.plist */,
			);
			path = Contacts;
			sourceTree = "<group>";
		};
		0909377E24EFD9D80025F222 /* ContactsTests */ = {
			isa = PBXGroup;
			children = (
				0909377F24EFD9D80025F222 /* ContactsTests.swift */,
				0909378124EFD9D80025F222 /* Info.plist */,
			);
			path = ContactsTests;
			sourceTree = "<group>";
		};
		0909378924EFD9D80025F222 /* ContactsUITests */ = {
			isa = PBXGroup;
			children = (
				0909378A24EFD9D80025F222 /* ContactsUITests.swift */,
				0909378C24EFD9D80025F222 /* Info.plist */,
			);
			path = ContactsUITests;
			sourceTree = "<group>";
		};
/* End PBXGroup section */

/* Begin PBXNativeTarget section */
		0909376424EFD9D70025F222 /* Contacts */ = {
			isa = PBXNativeTarget;
			buildConfigurationList = 0909378F24EFD9D80025F222 /* Build configuration list for PBXNativeTarget "Contacts" */;
			buildPhases = (
				0909376124EFD9D70025F222 /* Sources */,
				0909376224EFD9D70025F222 /* Frameworks */,
				0909376324EFD9D70025F222 /* Resources */,
			);
			buildRules = (
			);
			dependencies = (
			);
			name = Contacts;
			productName = Contacts;
			productReference = 0909376524EFD9D70025F222 /* Contacts.app */;
			productType = "com.apple.product-type.application";
		};
		0909377A24EFD9D80025F222 /* ContactsTests */ = {
			isa = PBXNativeTarget;
			buildConfigurationList = 0909379224EFD9D80025F222 /* Build configuration list for PBXNativeTarget "ContactsTests" */;
			buildPhases = (
				0909377724EFD9D80025F222 /* Sources */,
				0909377824EFD9D80025F222 /* Frameworks */,
				0909377924EFD9D80025F222 /* Resources */,
			);
			buildRules = (
			);
			dependencies = (
				0909377D24EFD9D80025F222 /* PBXTargetDependency */,
			);
			name = ContactsTests;
			productName = ContactsTests;
			productReference = 0909377B24EFD9D80025F222 /* ContactsTests.xctest */;
			productType = "com.apple.product-type.bundle.unit-test";
		};
		0909378524EFD9D80025F222 /* ContactsUITests */ = {
			isa = PBXNativeTarget;
			buildConfigurationList = 0909379524EFD9D80025F222 /* Build configuration list for PBXNativeTarget "ContactsUITests" */;
			buildPhases = (
				0909378224EFD9D80025F222 /* Sources */,
				0909378324EFD9D80025F222 /* Frameworks */,
				0909378424EFD9D80025F222 /* Resources */,
			);
			buildRules = (
			);
			dependencies = (
				0909378824EFD9D80025F222 /* PBXTargetDependency */,
			);
			name = ContactsUITests;
			productName = ContactsUITests;
			productReference = 0909378624EFD9D80025F222 /* ContactsUITests.xctest */;
			productType = "com.apple.product-type.bundle.ui-testing";
		};
/* End PBXNativeTarget section */

/* Begin PBXProject section */
		0909375D24EFD9D70025F222 /* Project object */ = {
			isa = PBXProject;
			attributes = {
				LastSwiftUpdateCheck = 1160;
				LastUpgradeCheck = 1160;
				ORGANIZATIONNAME = "Daniel Sumara";
				TargetAttributes = {
					0909376424EFD9D70025F222 = {
						CreatedOnToolsVersion = 11.6;
					};
					0909377A24EFD9D80025F222 = {
						CreatedOnToolsVersion = 11.6;
						TestTargetID = 0909376424EFD9D70025F222;
					};
					0909378524EFD9D80025F222 = {
						CreatedOnToolsVersion = 11.6;
						TestTargetID = 0909376424EFD9D70025F222;
					};
				};
			};
			buildConfigurationList = 0909376024EFD9D70025F222 /* Build configuration list for PBXProject "Contacts" */;
			compatibilityVersion = "Xcode 9.3";
			developmentRegion = en;
			hasScannedForEncodings = 0;
			knownRegions = (
				en,
				Base,
			);
			mainGroup = 0909375C24EFD9D70025F222;
			productRefGroup = 0909376624EFD9D70025F222 /* Products */;
			projectDirPath = "";
			projectRoot = "";
			targets = (
				0909376424EFD9D70025F222 /* Contacts */,
				0909377A24EFD9D80025F222 /* ContactsTests */,
				0909378524EFD9D80025F222 /* ContactsUITests */,
			);
		};
/* End PBXProject section */

/* Begin PBXResourcesBuildPhase section */
		0909376324EFD9D70025F222 /* Resources */ = {
			isa = PBXResourcesBuildPhase;
			buildActionMask = 2147483647;
			files = (
				0909377524EFD9D80025F222 /* LaunchScreen.storyboard in Resources */,
				0909377224EFD9D80025F222 /* Assets.xcassets in Resources */,
				0909377024EFD9D70025F222 /* Main.storyboard in Resources */,
			);
			runOnlyForDeploymentPostprocessing = 0;
		};
		0909377924EFD9D80025F222 /* Resources */ = {
			isa = PBXResourcesBuildPhase;
			buildActionMask = 2147483647;
			files = (
			);
			runOnlyForDeploymentPostprocessing = 0;
		};
		0909378424EFD9D80025F222 /* Resources */ = {
			isa = PBXResourcesBuildPhase;
			buildActionMask = 2147483647;
			files = (
			);
			runOnlyForDeploymentPostprocessing = 0;
		};
/* End PBXResourcesBuildPhase section */

/* Begin PBXSourcesBuildPhase section */
		0909376124EFD9D70025F222 /* Sources */ = {
			isa = PBXSourcesBuildPhase;
			buildActionMask = 2147483647;
			files = (
				0909376D24EFD9D70025F222 /* ViewController.swift in Sources */,
				0909376924EFD9D70025F222 /* AppDelegate.swift in Sources */,
				0909376B24EFD9D70025F222 /* SceneDelegate.swift in Sources */,
			);
			runOnlyForDeploymentPostprocessing = 0;
		};
		0909377724EFD9D80025F222 /* Sources */ = {
			isa = PBXSourcesBuildPhase;
			buildActionMask = 2147483647;
			files = (
				0909378024EFD9D80025F222 /* ContactsTests.swift in Sources */,
			);
			runOnlyForDeploymentPostprocessing = 0;
		};
		0909378224EFD9D80025F222 /* Sources */ = {
			isa = PBXSourcesBuildPhase;
			buildActionMask = 2147483647;
			files = (
				0909378B24EFD9D80025F222 /* ContactsUITests.swift in Sources */,
			);
			runOnlyForDeploymentPostprocessing = 0;
		};
/* End PBXSourcesBuildPhase section */

/* Begin PBXTargetDependency section */
		0909377D24EFD9D80025F222 /* PBXTargetDependency */ = {
			isa = PBXTargetDependency;
			target = 0909376424EFD9D70025F222 /* Contacts */;
			targetProxy = 0909377C24EFD9D80025F222 /* PBXContainerItemProxy */;
		};
		0909378824EFD9D80025F222 /* PBXTargetDependency */ = {
			isa = PBXTargetDependency;
			target = 0909376424EFD9D70025F222 /* Contacts */;
			targetProxy = 0909378724EFD9D80025F222 /* PBXContainerItemProxy */;
		};
/* End PBXTargetDependency section */

/* Begin PBXVariantGroup section */
		0909376E24EFD9D70025F222 /* Main.storyboard */ = {
			isa = PBXVariantGroup;
			children = (
				0909376F24EFD9D70025F222 /* Base */,
			);
			name = Main.storyboard;
			sourceTree = "<group>";
		};
		0909377324EFD9D80025F222 /* LaunchScreen.storyboard */ = {
			isa = PBXVariantGroup;
			children = (
				0909377424EFD9D80025F222 /* Base */,
			);
			name = LaunchScreen.storyboard;
			sourceTree = "<group>";
		};
/* End PBXVariantGroup section */

/* Begin XCBuildConfiguration section */
		0909378D24EFD9D80025F222 /* Debug */ = {
			isa = XCBuildConfiguration;
			buildSettings = {
				ALWAYS_SEARCH_USER_PATHS = NO;
				CLANG_ANALYZER_NONNULL = YES;
				CLANG_ANALYZER_NUMBER_OBJECT_CONVERSION = YES_AGGRESSIVE;
				CLANG_CXX_LANGUAGE_STANDARD = "gnu++14";
				CLANG_CXX_LIBRARY = "libc++";
				CLANG_ENABLE_MODULES = YES;
				CLANG_ENABLE_OBJC_ARC = YES;
				CLANG_ENABLE_OBJC_WEAK = YES;
				CLANG_WARN_BLOCK_CAPTURE_AUTORELEASING = YES;
				CLANG_WARN_BOOL_CONVERSION = YES;
				CLANG_WARN_COMMA = YES;
				CLANG_WARN_CONSTANT_CONVERSION = YES;
				CLANG_WARN_DEPRECATED_OBJC_IMPLEMENTATIONS = YES;
				CLANG_WARN_DIRECT_OBJC_ISA_USAGE = YES_ERROR;
				CLANG_WARN_DOCUMENTATION_COMMENTS = YES;
				CLANG_WARN_EMPTY_BODY = YES;
				CLANG_WARN_ENUM_CONVERSION = YES;
				CLANG_WARN_INFINITE_RECURSION = YES;
				CLANG_WARN_INT_CONVERSION = YES;
				CLANG_WARN_NON_LITERAL_NULL_CONVERSION = YES;
				CLANG_WARN_OBJC_IMPLICIT_RETAIN_SELF = YES;
				CLANG_WARN_OBJC_LITERAL_CONVERSION = YES;
				CLANG_WARN_OBJC_ROOT_CLASS = YES_ERROR;
				CLANG_WARN_RANGE_LOOP_ANALYSIS = YES;
				CLANG_WARN_STRICT_PROTOTYPES = YES;
				CLANG_WARN_SUSPICIOUS_MOVE = YES;
				CLANG_WARN_UNGUARDED_AVAILABILITY = YES_AGGRESSIVE;
				CLANG_WARN_UNREACHABLE_CODE = YES;
				CLANG_WARN__DUPLICATE_METHOD_MATCH = YES;
				COPY_PHASE_STRIP = NO;
				DEBUG_INFORMATION_FORMAT = dwarf;
				ENABLE_STRICT_OBJC_MSGSEND = YES;
				ENABLE_TESTABILITY = YES;
				GCC_C_LANGUAGE_STANDARD = gnu11;
				GCC_DYNAMIC_NO_PIC = NO;
				GCC_NO_COMMON_BLOCKS = YES;
				GCC_OPTIMIZATION_LEVEL = 0;
				GCC_PREPROCESSOR_DEFINITIONS = (
					"DEBUG=1",
					"$(inherited)",
				);
				GCC_WARN_64_TO_32_BIT_CONVERSION = YES;
				GCC_WARN_ABOUT_RETURN_TYPE = YES_ERROR;
				GCC_WARN_UNDECLARED_SELECTOR = YES;
				GCC_WARN_UNINITIALIZED_AUTOS = YES_AGGRESSIVE;
				GCC_WARN_UNUSED_FUNCTION = YES;
				GCC_WARN_UNUSED_VARIABLE = YES;
				IPHONEOS_DEPLOYMENT_TARGET = 12.0;
				MTL_ENABLE_DEBUG_INFO = INCLUDE_SOURCE;
				MTL_FAST_MATH = YES;
				ONLY_ACTIVE_ARCH = YES;
				SDKROOT = iphoneos;
				SWIFT_ACTIVE_COMPILATION_CONDITIONS = DEBUG;
				SWIFT_OPTIMIZATION_LEVEL = "-Onone";
			};
			name = Debug;
		};
		0909378E24EFD9D80025F222 /* Release */ = {
			isa = XCBuildConfiguration;
			buildSettings = {
				ALWAYS_SEARCH_USER_PATHS = NO;
				CLANG_ANALYZER_NONNULL = YES;
				CLANG_ANALYZER_NUMBER_OBJECT_CONVERSION = YES_AGGRESSIVE;
				CLANG_CXX_LANGUAGE_STANDARD = "gnu++14";
				CLANG_CXX_LIBRARY = "libc++";
				CLANG_ENABLE_MODULES = YES;
				CLANG_ENABLE_OBJC_ARC = YES;
				CLANG_ENABLE_OBJC_WEAK = YES;
				CLANG_WARN_BLOCK_CAPTURE_AUTORELEASING = YES;
				CLANG_WARN_BOOL_CONVERSION = YES;
				CLANG_WARN_COMMA = YES;
				CLANG_WARN_CONSTANT_CONVERSION = YES;
				CLANG_WARN_DEPRECATED_OBJC_IMPLEMENTATIONS = YES;
				CLANG_WARN_DIRECT_OBJC_ISA_USAGE = YES_ERROR;
				CLANG_WARN_DOCUMENTATION_COMMENTS = YES;
				CLANG_WARN_EMPTY_BODY = YES;
				CLANG_WARN_ENUM_CONVERSION = YES;
				CLANG_WARN_INFINITE_RECURSION = YES;
				CLANG_WARN_INT_CONVERSION = YES;
				CLANG_WARN_NON_LITERAL_NULL_CONVERSION = YES;
				CLANG_WARN_OBJC_IMPLICIT_RETAIN_SELF = YES;
				CLANG_WARN_OBJC_LITERAL_CONVERSION = YES;
				CLANG_WARN_OBJC_ROOT_CLASS = YES_ERROR;
				CLANG_WARN_RANGE_LOOP_ANALYSIS = YES;
				CLANG_WARN_STRICT_PROTOTYPES = YES;
				CLANG_WARN_SUSPICIOUS_MOVE = YES;
				CLANG_WARN_UNGUARDED_AVAILABILITY = YES_AGGRESSIVE;
				CLANG_WARN_UNREACHABLE_CODE = YES;
				CLANG_WARN__DUPLICATE_METHOD_MATCH = YES;
				COPY_PHASE_STRIP = NO;
				DEBUG_INFORMATION_FORMAT = "dwarf-with-dsym";
				ENABLE_NS_ASSERTIONS = NO;
				ENABLE_STRICT_OBJC_MSGSEND = YES;
				GCC_C_LANGUAGE_STANDARD = gnu11;
				GCC_NO_COMMON_BLOCKS = YES;
				GCC_WARN_64_TO_32_BIT_CONVERSION = YES;
				GCC_WARN_ABOUT_RETURN_TYPE = YES_ERROR;
				GCC_WARN_UNDECLARED_SELECTOR = YES;
				GCC_WARN_UNINITIALIZED_AUTOS = YES_AGGRESSIVE;
				GCC_WARN_UNUSED_FUNCTION = YES;
				GCC_WARN_UNUSED_VARIABLE = YES;
				IPHONEOS_DEPLOYMENT_TARGET = 12.0;
				MTL_ENABLE_DEBUG_INFO = NO;
				MTL_FAST_MATH = YES;
				SDKROOT = iphoneos;
				SWIFT_COMPILATION_MODE = wholemodule;
				SWIFT_OPTIMIZATION_LEVEL = "-O";
				VALIDATE_PRODUCT = YES;
			};
			name = Release;
		};
		0909379024EFD9D80025F222 /* Debug */ = {
			isa = XCBuildConfiguration;
			buildSettings = {
				ASSETCATALOG_COMPILER_APPICON_NAME = AppIcon;
				CODE_SIGN_STYLE = Manual;
				DEVELOPMENT_TEAM = "";
				INFOPLIST_FILE = Contacts/Info.plist;
				LD_RUNPATH_SEARCH_PATHS = (
					"$(inherited)",
					"@executable_path/Frameworks",
				);
				PRODUCT_BUNDLE_IDENTIFIER = pl.com.sumara.Contacts;
				PRODUCT_NAME = "$(TARGET_NAME)";
				PROVISIONING_PROFILE_SPECIFIER = "";
				SWIFT_VERSION = 5.0;
				TARGETED_DEVICE_FAMILY = 1;
			};
			name = Debug;
		};
		0909379124EFD9D80025F222 /* Release */ = {
			isa = XCBuildConfiguration;
			buildSettings = {
				ASSETCATALOG_COMPILER_APPICON_NAME = AppIcon;
				CODE_SIGN_STYLE = Manual;
				DEVELOPMENT_TEAM = "";
				INFOPLIST_FILE = Contacts/Info.plist;
				LD_RUNPATH_SEARCH_PATHS = (
					"$(inherited)",
					"@executable_path/Frameworks",
				);
				PRODUCT_BUNDLE_IDENTIFIER = pl.com.sumara.Contacts;
				PRODUCT_NAME = "$(TARGET_NAME)";
				PROVISIONING_PROFILE_SPECIFIER = "";
				SWIFT_VERSION = 5.0;
				TARGETED_DEVICE_FAMILY = 1;
			};
			name = Release;
		};
		0909379324EFD9D80025F222 /* Debug */ = {
			isa = XCBuildConfiguration;
			buildSettings = {
				ALWAYS_EMBED_SWIFT_STANDARD_LIBRARIES = YES;
				BUNDLE_LOADER = "$(TEST_HOST)";
				CODE_SIGN_STYLE = Automatic;
				DEVELOPMENT_TEAM = 2AHNM42WD8;
				INFOPLIST_FILE = ContactsTests/Info.plist;
				IPHONEOS_DEPLOYMENT_TARGET = 13.6;
				LD_RUNPATH_SEARCH_PATHS = (
					"$(inherited)",
					"@executable_path/Frameworks",
					"@loader_path/Frameworks",
				);
				PRODUCT_BUNDLE_IDENTIFIER = pl.com.sumara.ContactsTests;
				PRODUCT_NAME = "$(TARGET_NAME)";
				SWIFT_VERSION = 5.0;
				TARGETED_DEVICE_FAMILY = "1,2";
				TEST_HOST = "$(BUILT_PRODUCTS_DIR)/Contacts.app/Contacts";
			};
			name = Debug;
		};
		0909379424EFD9D80025F222 /* Release */ = {
			isa = XCBuildConfiguration;
			buildSettings = {
				ALWAYS_EMBED_SWIFT_STANDARD_LIBRARIES = YES;
				BUNDLE_LOADER = "$(TEST_HOST)";
				CODE_SIGN_STYLE = Automatic;
				DEVELOPMENT_TEAM = 2AHNM42WD8;
				INFOPLIST_FILE = ContactsTests/Info.plist;
				IPHONEOS_DEPLOYMENT_TARGET = 13.6;
				LD_RUNPATH_SEARCH_PATHS = (
					"$(inherited)",
					"@executable_path/Frameworks",
					"@loader_path/Frameworks",
				);
				PRODUCT_BUNDLE_IDENTIFIER = pl.com.sumara.ContactsTests;
				PRODUCT_NAME = "$(TARGET_NAME)";
				SWIFT_VERSION = 5.0;
				TARGETED_DEVICE_FAMILY = "1,2";
				TEST_HOST = "$(BUILT_PRODUCTS_DIR)/Contacts.app/Contacts";
			};
			name = Release;
		};
		0909379624EFD9D80025F222 /* Debug */ = {
			isa = XCBuildConfiguration;
			buildSettings = {
				ALWAYS_EMBED_SWIFT_STANDARD_LIBRARIES = YES;
				CODE_SIGN_STYLE = Automatic;
				DEVELOPMENT_TEAM = 2AHNM42WD8;
				INFOPLIST_FILE = ContactsUITests/Info.plist;
				LD_RUNPATH_SEARCH_PATHS = (
					"$(inherited)",
					"@executable_path/Frameworks",
					"@loader_path/Frameworks",
				);
				PRODUCT_BUNDLE_IDENTIFIER = pl.com.sumara.ContactsUITests;
				PRODUCT_NAME = "$(TARGET_NAME)";
				SWIFT_VERSION = 5.0;
				TARGETED_DEVICE_FAMILY = "1,2";
				TEST_TARGET_NAME = Contacts;
			};
			name = Debug;
		};
		0909379724EFD9D80025F222 /* Release */ = {
			isa = XCBuildConfiguration;
			buildSettings = {
				ALWAYS_EMBED_SWIFT_STANDARD_LIBRARIES = YES;
				CODE_SIGN_STYLE = Automatic;
				DEVELOPMENT_TEAM = 2AHNM42WD8;
				INFOPLIST_FILE = ContactsUITests/Info.plist;
				LD_RUNPATH_SEARCH_PATHS = (
					"$(inherited)",
					"@executable_path/Frameworks",
					"@loader_path/Frameworks",
				);
				PRODUCT_BUNDLE_IDENTIFIER = pl.com.sumara.ContactsUITests;
				PRODUCT_NAME = "$(TARGET_NAME)";
				SWIFT_VERSION = 5.0;
				TARGETED_DEVICE_FAMILY = "1,2";
				TEST_TARGET_NAME = Contacts;
			};
			name = Release;
		};
/* End XCBuildConfiguration section */

/* Begin XCConfigurationList section */
		0909376024EFD9D70025F222 /* Build configuration list for PBXProject "Contacts" */ = {
			isa = XCConfigurationList;
			buildConfigurations = (
				0909378D24EFD9D80025F222 /* Debug */,
				0909378E24EFD9D80025F222 /* Release */,
			);
			defaultConfigurationIsVisible = 0;
			defaultConfigurationName = Release;
		};
		0909378F24EFD9D80025F222 /* Build configuration list for PBXNativeTarget "Contacts" */ = {
			isa = XCConfigurationList;
			buildConfigurations = (
				0909379024EFD9D80025F222 /* Debug */,
				0909379124EFD9D80025F222 /* Release */,
			);
			defaultConfigurationIsVisible = 0;
			defaultConfigurationName = Release;
		};
		0909379224EFD9D80025F222 /* Build configuration list for PBXNativeTarget "ContactsTests" */ = {
			isa = XCConfigurationList;
			buildConfigurations = (
				0909379324EFD9D80025F222 /* Debug */,
				0909379424EFD9D80025F222 /* Release */,
			);
			defaultConfigurationIsVisible = 0;
			defaultConfigurationName = Release;
		};
		0909379524EFD9D80025F222 /* Build configuration list for PBXNativeTarget "ContactsUITests" */ = {
			isa = XCConfigurationList;
			buildConfigurations = (
				0909379624EFD9D80025F222 /* Debug */,
				0909379724EFD9D80025F222 /* Release */,
			);
			defaultConfigurationIsVisible = 0;
			defaultConfigurationName = Release;
		};
/* End XCConfigurationList section */
	};
	rootObject = 0909375D24EFD9D70025F222 /* Project object */;
}
